
Microsoft Visual Studio Solution File, Format Version 12.00
# Visual Studio Version 16
VisualStudioVersion = 16.0.31702.278
MinimumVisualStudioVersion = 10.0.40219.1
Project("{FAE04EC0-301F-11D3-BF4B-00C04F79EFBC}") = "DbxToPst", "DbxToPst\DbxToPst.csproj", "{6971D486-5B3F-497F-86E8-47C98BF7FD70}"
EndProject
Project("{FAE04EC0-301F-11D3-BF4B-00C04F79EFBC}") = "DbxToPstLibrary", "DbxToPstLibrary\DbxToPstLibrary.csproj", "{6D6C30E1-9240-4A2E-A167-3F23E6316656}"
EndProject
Global
	GlobalSection(SolutionConfigurationPlatforms) = preSolution
		Debug Alpha|Any CPU = Debug Alpha|Any CPU
		Debug Alpha|Mixed Platforms = Debug Alpha|Mixed Platforms
		Debug Alpha|Win32 = Debug Alpha|Win32
		Debug|Any CPU = Debug|Any CPU
		Debug|Mixed Platforms = Debug|Mixed Platforms
		Debug|Win32 = Debug|Win32
		Release Alpha|Any CPU = Release Alpha|Any CPU
		Release Alpha|Mixed Platforms = Release Alpha|Mixed Platforms
		Release Alpha|Win32 = Release Alpha|Win32
		Release|Any CPU = Release|Any CPU
		Release|Mixed Platforms = Release|Mixed Platforms
		Release|Win32 = Release|Win32
		Template|Any CPU = Template|Any CPU
		Template|Mixed Platforms = Template|Mixed Platforms
		Template|Win32 = Template|Win32
		Unicode Debug|Any CPU = Unicode Debug|Any CPU
		Unicode Debug|Mixed Platforms = Unicode Debug|Mixed Platforms
		Unicode Debug|Win32 = Unicode Debug|Win32
		Unicode Release|Any CPU = Unicode Release|Any CPU
		Unicode Release|Mixed Platforms = Unicode Release|Mixed Platforms
		Unicode Release|Win32 = Unicode Release|Win32
	EndGlobalSection
	GlobalSection(ProjectConfigurationPlatforms) = postSolution
		{6D6C30E1-9240-4A2E-A167-3F23E6316656}.Debug Alpha|Any CPU.ActiveCfg = Debug|Any CPU
		{6D6C30E1-9240-4A2E-A167-3F23E6316656}.Debug Alpha|Any CPU.Build.0 = Debug|Any CPU
		{6D6C30E1-9240-4A2E-A167-3F23E6316656}.Debug Alpha|Mixed Platforms.ActiveCfg = Debug|Any CPU
		{6D6C30E1-9240-4A2E-A167-3F23E6316656}.Debug Alpha|Mixed Platforms.Build.0 = Debug|Any CPU
		{6D6C30E1-9240-4A2E-A167-3F23E6316656}.Debug Alpha|Win32.ActiveCfg = Debug|Any CPU
		{6D6C30E1-9240-4A2E-A167-3F23E6316656}.Debug Alpha|Win32.Build.0 = Debug|Any CPU
		{6D6C30E1-9240-4A2E-A167-3F23E6316656}.Debug|Any CPU.ActiveCfg = Debug|Any CPU
		{6D6C30E1-9240-4A2E-A167-3F23E6316656}.Debug|Any CPU.Build.0 = Debug|Any CPU
		{6D6C30E1-9240-4A2E-A167-3F23E6316656}.Debug|Mixed Platforms.ActiveCfg = Debug|Any CPU
		{6D6C30E1-9240-4A2E-A167-3F23E6316656}.Debug|Mixed Platforms.Build.0 = Debug|Any CPU
		{6D6C30E1-9240-4A2E-A167-3F23E6316656}.Debug|Win32.ActiveCfg = Debug|Any CPU
		{6D6C30E1-9240-4A2E-A167-3F23E6316656}.Debug|Win32.Build.0 = Debug|Any CPU
		{6D6C30E1-9240-4A2E-A167-3F23E6316656}.Release Alpha|Any CPU.ActiveCfg = Release|Any CPU
		{6D6C30E1-9240-4A2E-A167-3F23E6316656}.Release Alpha|Any CPU.Build.0 = Release|Any CPU
		{6D6C30E1-9240-4A2E-A167-3F23E6316656}.Release Alpha|Mixed Platforms.ActiveCfg = Release|Any CPU
		{6D6C30E1-9240-4A2E-A167-3F23E6316656}.Release Alpha|Mixed Platforms.Build.0 = Release|Any CPU
		{6D6C30E1-9240-4A2E-A167-3F23E6316656}.Release Alpha|Win32.ActiveCfg = Release|Any CPU
		{6D6C30E1-9240-4A2E-A167-3F23E6316656}.Release Alpha|Win32.Build.0 = Release|Any CPU
		{6D6C30E1-9240-4A2E-A167-3F23E6316656}.Release|Any CPU.ActiveCfg = Release|Any CPU
		{6D6C30E1-9240-4A2E-A167-3F23E6316656}.Release|Any CPU.Build.0 = Release|Any CPU
		{6D6C30E1-9240-4A2E-A167-3F23E6316656}.Release|Mixed Platforms.ActiveCfg = Release|Any CPU
		{6D6C30E1-9240-4A2E-A167-3F23E6316656}.Release|Mixed Platforms.Build.0 = Release|Any CPU
		{6D6C30E1-9240-4A2E-A167-3F23E6316656}.Release|Win32.ActiveCfg = Release|Any CPU
		{6D6C30E1-9240-4A2E-A167-3F23E6316656}.Release|Win32.Build.0 = Release|Any CPU
		{6D6C30E1-9240-4A2E-A167-3F23E6316656}.Template|Any CPU.ActiveCfg = Debug|Any CPU
		{6D6C30E1-9240-4A2E-A167-3F23E6316656}.Template|Any CPU.Build.0 = Debug|Any CPU
		{6D6C30E1-9240-4A2E-A167-3F23E6316656}.Template|Mixed Platforms.ActiveCfg = Debug|Any CPU
		{6D6C30E1-9240-4A2E-A167-3F23E6316656}.Template|Mixed Platforms.Build.0 = Debug|Any CPU
		{6D6C30E1-9240-4A2E-A167-3F23E6316656}.Template|Win32.ActiveCfg = Debug|Any CPU
		{6D6C30E1-9240-4A2E-A167-3F23E6316656}.Template|Win32.Build.0 = Debug|Any CPU
		{6D6C30E1-9240-4A2E-A167-3F23E6316656}.Unicode Debug|Any CPU.ActiveCfg = Debug|Any CPU
		{6D6C30E1-9240-4A2E-A167-3F23E6316656}.Unicode Debug|Any CPU.Build.0 = Debug|Any CPU
		{6D6C30E1-9240-4A2E-A167-3F23E6316656}.Unicode Debug|Mixed Platforms.ActiveCfg = Debug|Any CPU
		{6D6C30E1-9240-4A2E-A167-3F23E6316656}.Unicode Debug|Mixed Platforms.Build.0 = Debug|Any CPU
		{6D6C30E1-9240-4A2E-A167-3F23E6316656}.Unicode Debug|Win32.ActiveCfg = Debug|Any CPU
		{6D6C30E1-9240-4A2E-A167-3F23E6316656}.Unicode Debug|Win32.Build.0 = Debug|Any CPU
		{6D6C30E1-9240-4A2E-A167-3F23E6316656}.Unicode Release|Any CPU.ActiveCfg = Release|Any CPU
		{6D6C30E1-9240-4A2E-A167-3F23E6316656}.Unicode Release|Any CPU.Build.0 = Release|Any CPU
		{6D6C30E1-9240-4A2E-A167-3F23E6316656}.Unicode Release|Mixed Platforms.ActiveCfg = Release|Any CPU
		{6D6C30E1-9240-4A2E-A167-3F23E6316656}.Unicode Release|Mixed Platforms.Build.0 = Release|Any CPU
		{6D6C30E1-9240-4A2E-A167-3F23E6316656}.Unicode Release|Win32.ActiveCfg = Release|Any CPU
		{6D6C30E1-9240-4A2E-A167-3F23E6316656}.Unicode Release|Win32.Build.0 = Release|Any CPU
		{6971D486-5B3F-497F-86E8-47C98BF7FD70}.Debug Alpha|Any CPU.ActiveCfg = Debug|Any CPU
		{6971D486-5B3F-497F-86E8-47C98BF7FD70}.Debug Alpha|Any CPU.Build.0 = Debug|Any CPU
		{6971D486-5B3F-497F-86E8-47C98BF7FD70}.Debug Alpha|Mixed Platforms.ActiveCfg = Debug|Any CPU
		{6971D486-5B3F-497F-86E8-47C98BF7FD70}.Debug Alpha|Mixed Platforms.Build.0 = Debug|Any CPU
		{6971D486-5B3F-497F-86E8-47C98BF7FD70}.Debug Alpha|Win32.ActiveCfg = Debug|Any CPU
		{6971D486-5B3F-497F-86E8-47C98BF7FD70}.Debug Alpha|Win32.Build.0 = Debug|Any CPU
		{6971D486-5B3F-497F-86E8-47C98BF7FD70}.Debug|Any CPU.ActiveCfg = Debug|Any CPU
		{6971D486-5B3F-497F-86E8-47C98BF7FD70}.Debug|Any CPU.Build.0 = Debug|Any CPU
		{6971D486-5B3F-497F-86E8-47C98BF7FD70}.Debug|Mixed Platforms.ActiveCfg = Debug|Any CPU
		{6971D486-5B3F-497F-86E8-47C98BF7FD70}.Debug|Mixed Platforms.Build.0 = Debug|Any CPU
		{6971D486-5B3F-497F-86E8-47C98BF7FD70}.Debug|Win32.ActiveCfg = Debug|Any CPU
		{6971D486-5B3F-497F-86E8-47C98BF7FD70}.Debug|Win32.Build.0 = Debug|Any CPU
		{6971D486-5B3F-497F-86E8-47C98BF7FD70}.Release Alpha|Any CPU.ActiveCfg = Release|Any CPU
		{6971D486-5B3F-497F-86E8-47C98BF7FD70}.Release Alpha|Any CPU.Build.0 = Release|Any CPU
		{6971D486-5B3F-497F-86E8-47C98BF7FD70}.Release Alpha|Mixed Platforms.ActiveCfg = Release|Any CPU
		{6971D486-5B3F-497F-86E8-47C98BF7FD70}.Release Alpha|Mixed Platforms.Build.0 = Release|Any CPU
		{6971D486-5B3F-497F-86E8-47C98BF7FD70}.Release Alpha|Win32.ActiveCfg = Release|Any CPU
		{6971D486-5B3F-497F-86E8-47C98BF7FD70}.Release Alpha|Win32.Build.0 = Release|Any CPU
		{6971D486-5B3F-497F-86E8-47C98BF7FD70}.Release|Any CPU.ActiveCfg = Release|Any CPU
		{6971D486-5B3F-497F-86E8-47C98BF7FD70}.Release|Any CPU.Build.0 = Release|Any CPU
		{6971D486-5B3F-497F-86E8-47C98BF7FD70}.Release|Mixed Platforms.ActiveCfg = Release|Any CPU
		{6971D486-5B3F-497F-86E8-47C98BF7FD70}.Release|Mixed Platforms.Build.0 = Release|Any CPU
		{6971D486-5B3F-497F-86E8-47C98BF7FD70}.Release|Win32.ActiveCfg = Release|Any CPU
		{6971D486-5B3F-497F-86E8-47C98BF7FD70}.Release|Win32.Build.0 = Release|Any CPU
		{6971D486-5B3F-497F-86E8-47C98BF7FD70}.Template|Any CPU.ActiveCfg = Debug|Any CPU
		{6971D486-5B3F-497F-86E8-47C98BF7FD70}.Template|Any CPU.Build.0 = Debug|Any CPU
		{6971D486-5B3F-497F-86E8-47C98BF7FD70}.Template|Mixed Platforms.ActiveCfg = Debug|Any CPU
		{6971D486-5B3F-497F-86E8-47C98BF7FD70}.Template|Mixed Platforms.Build.0 = Debug|Any CPU
		{6971D486-5B3F-497F-86E8-47C98BF7FD70}.Template|Win32.ActiveCfg = Debug|Any CPU
		{6971D486-5B3F-497F-86E8-47C98BF7FD70}.Template|Win32.Build.0 = Debug|Any CPU
		{6971D486-5B3F-497F-86E8-47C98BF7FD70}.Unicode Debug|Any CPU.ActiveCfg = Debug|Any CPU
		{6971D486-5B3F-497F-86E8-47C98BF7FD70}.Unicode Debug|Any CPU.Build.0 = Debug|Any CPU
		{6971D486-5B3F-497F-86E8-47C98BF7FD70}.Unicode Debug|Mixed Platforms.ActiveCfg = Debug|Any CPU
		{6971D486-5B3F-497F-86E8-47C98BF7FD70}.Unicode Debug|Mixed Platforms.Build.0 = Debug|Any CPU
		{6971D486-5B3F-497F-86E8-47C98BF7FD70}.Unicode Debug|Win32.ActiveCfg = Debug|Any CPU
		{6971D486-5B3F-497F-86E8-47C98BF7FD70}.Unicode Debug|Win32.Build.0 = Debug|Any CPU
		{6971D486-5B3F-497F-86E8-47C98BF7FD70}.Unicode Release|Any CPU.ActiveCfg = Release|Any CPU
		{6971D486-5B3F-497F-86E8-47C98BF7FD70}.Unicode Release|Any CPU.Build.0 = Release|Any CPU
		{6971D486-5B3F-497F-86E8-47C98BF7FD70}.Unicode Release|Mixed Platforms.ActiveCfg = Release|Any CPU
		{6971D486-5B3F-497F-86E8-47C98BF7FD70}.Unicode Release|Mixed Platforms.Build.0 = Release|Any CPU
		{6971D486-5B3F-497F-86E8-47C98BF7FD70}.Unicode Release|Win32.ActiveCfg = Release|Any CPU
		{6971D486-5B3F-497F-86E8-47C98BF7FD70}.Unicode Release|Win32.Build.0 = Release|Any CPU
	EndGlobalSection
	GlobalSection(SolutionProperties) = preSolution
		HideSolutionNode = FALSE
	EndGlobalSection
	GlobalSection(ExtensibilityGlobals) = postSolution
		SolutionGuid = {D419848C-B611-4E6C-A2C0-22134D010631}
	EndGlobalSection
EndGlobal
