
Microsoft Visual Studio Solution File, Format Version 12.00
# Visual Studio Version 17
VisualStudioVersion = 17.0.31912.275
MinimumVisualStudioVersion = 10.0.40219.1
Project("{9A19103F-16F7-4668-BE54-9A1E7A4F7556}") = "ToolKit.Application", "ToolKit.Application\ToolKit.Application.csproj", "{6971D486-5B3F-497F-86E8-47C98BF7FD70}"
EndProject
Project("{9A19103F-16F7-4668-BE54-9A1E7A4F7556}") = "ToolKit.Library", "ToolKit.Library\ToolKit.Library.csproj", "{6D6C30E1-9240-4A2E-A167-3F23E6316656}"
EndProject
Project("{9A19103F-16F7-4668-BE54-9A1E7A4F7556}") = "ToolKit.Tests", "ToolKit.Tests\ToolKit.Tests.csproj", "{66CA0D35-F2AF-430E-81D0-78506201ADCD}"
EndProject
Project("{9A19103F-16F7-4668-BE54-9A1E7A4F7556}") = "UTF-unknown", "DbxOutlookExpress\UTF-unknown\src\UTF-unknown.csproj", "{5B3B81DE-CC32-485B-A523-6126551932ED}"
EndProject
Project("{9A19103F-16F7-4668-BE54-9A1E7A4F7556}") = "DbxOutlookExpressLibrary", "DbxOutlookExpress\DbxOutlookExpressLibrary\DbxOutlookExpressLibrary.csproj", "{68961552-71D5-4CDC-943D-34A762E74699}"
EndProject
Project("{9A19103F-16F7-4668-BE54-9A1E7A4F7556}") = "DbxOutlookExpressTests", "DbxOutlookExpress\DbxOutlookExpressTests\DbxOutlookExpressTests.csproj", "{083B8FDD-5CF3-45BE-ABDB-3CF011FC7093}"
EndProject
Project("{9A19103F-16F7-4668-BE54-9A1E7A4F7556}") = "TestConsoleApp", "TestConsoleApp\TestConsoleApp.csproj", "{B1262D64-56E8-44CB-B0BA-FC0D5FD6007A}"
EndProject
Project("{9A19103F-16F7-4668-BE54-9A1E7A4F7556}") = "MsgKit", "MsgKit\MsgKit\MsgKit.csproj", "{8FC0FB7D-F820-4C03-9FBE-2FB58BDD9DFF}"
EndProject
Project("{9A19103F-16F7-4668-BE54-9A1E7A4F7556}") = "UtilitiesNET", "DbxOutlookExpress\UtilitiesNet\UtilitiesNET.csproj", "{1589BA8A-0464-483C-8A15-F4FC5B514E0D}"
EndProject
Project("{9A19103F-16F7-4668-BE54-9A1E7A4F7556}") = "UtilitiesNetTests", "DbxOutlookExpress\UtilitiesNet\UtilitiesNetTests\UtilitiesNetTests.csproj", "{6F6ABD72-2485-42EA-B591-41294E170FF5}"
EndProject
Project("{2150E333-8FDC-42A3-9474-1A3956D46DE8}") = "Solution Items", "Solution Items", "{AD368271-FA36-481F-BAE4-0B380987E534}"
	ProjectSection(SolutionItems) = preProject
		README.md = README.md
	EndProjectSection
EndProject
Global
	GlobalSection(SolutionConfigurationPlatforms) = preSolution
		Debug|Any CPU = Debug|Any CPU
		Release|Any CPU = Release|Any CPU
	EndGlobalSection
	GlobalSection(ProjectConfigurationPlatforms) = postSolution
		{6971D486-5B3F-497F-86E8-47C98BF7FD70}.Debug|Any CPU.ActiveCfg = Debug|Any CPU
		{6971D486-5B3F-497F-86E8-47C98BF7FD70}.Debug|Any CPU.Build.0 = Debug|Any CPU
		{6971D486-5B3F-497F-86E8-47C98BF7FD70}.Release|Any CPU.ActiveCfg = Release|Any CPU
		{6971D486-5B3F-497F-86E8-47C98BF7FD70}.Release|Any CPU.Build.0 = Release|Any CPU
		{6D6C30E1-9240-4A2E-A167-3F23E6316656}.Debug|Any CPU.ActiveCfg = Debug|Any CPU
		{6D6C30E1-9240-4A2E-A167-3F23E6316656}.Debug|Any CPU.Build.0 = Debug|Any CPU
		{6D6C30E1-9240-4A2E-A167-3F23E6316656}.Release|Any CPU.ActiveCfg = Release|Any CPU
		{6D6C30E1-9240-4A2E-A167-3F23E6316656}.Release|Any CPU.Build.0 = Release|Any CPU
		{66CA0D35-F2AF-430E-81D0-78506201ADCD}.Debug|Any CPU.ActiveCfg = Debug|Any CPU
		{66CA0D35-F2AF-430E-81D0-78506201ADCD}.Debug|Any CPU.Build.0 = Debug|Any CPU
		{66CA0D35-F2AF-430E-81D0-78506201ADCD}.Release|Any CPU.ActiveCfg = Release|Any CPU
		{66CA0D35-F2AF-430E-81D0-78506201ADCD}.Release|Any CPU.Build.0 = Release|Any CPU
		{5B3B81DE-CC32-485B-A523-6126551932ED}.Debug|Any CPU.ActiveCfg = Debug|Any CPU
		{5B3B81DE-CC32-485B-A523-6126551932ED}.Debug|Any CPU.Build.0 = Debug|Any CPU
		{5B3B81DE-CC32-485B-A523-6126551932ED}.Release|Any CPU.ActiveCfg = Release|Any CPU
		{5B3B81DE-CC32-485B-A523-6126551932ED}.Release|Any CPU.Build.0 = Release|Any CPU
		{68961552-71D5-4CDC-943D-34A762E74699}.Debug|Any CPU.ActiveCfg = Debug|Any CPU
		{68961552-71D5-4CDC-943D-34A762E74699}.Debug|Any CPU.Build.0 = Debug|Any CPU
		{68961552-71D5-4CDC-943D-34A762E74699}.Release|Any CPU.ActiveCfg = Release|Any CPU
		{68961552-71D5-4CDC-943D-34A762E74699}.Release|Any CPU.Build.0 = Release|Any CPU
		{083B8FDD-5CF3-45BE-ABDB-3CF011FC7093}.Debug|Any CPU.ActiveCfg = Debug|Any CPU
		{083B8FDD-5CF3-45BE-ABDB-3CF011FC7093}.Debug|Any CPU.Build.0 = Debug|Any CPU
		{083B8FDD-5CF3-45BE-ABDB-3CF011FC7093}.Release|Any CPU.ActiveCfg = Release|Any CPU
		{083B8FDD-5CF3-45BE-ABDB-3CF011FC7093}.Release|Any CPU.Build.0 = Release|Any CPU
		{B1262D64-56E8-44CB-B0BA-FC0D5FD6007A}.Debug|Any CPU.ActiveCfg = Debug|Any CPU
		{B1262D64-56E8-44CB-B0BA-FC0D5FD6007A}.Debug|Any CPU.Build.0 = Debug|Any CPU
		{B1262D64-56E8-44CB-B0BA-FC0D5FD6007A}.Release|Any CPU.ActiveCfg = Release|Any CPU
		{B1262D64-56E8-44CB-B0BA-FC0D5FD6007A}.Release|Any CPU.Build.0 = Release|Any CPU
		{8FC0FB7D-F820-4C03-9FBE-2FB58BDD9DFF}.Debug|Any CPU.ActiveCfg = Debug|Any CPU
		{8FC0FB7D-F820-4C03-9FBE-2FB58BDD9DFF}.Debug|Any CPU.Build.0 = Debug|Any CPU
		{8FC0FB7D-F820-4C03-9FBE-2FB58BDD9DFF}.Release|Any CPU.ActiveCfg = Release|Any CPU
		{8FC0FB7D-F820-4C03-9FBE-2FB58BDD9DFF}.Release|Any CPU.Build.0 = Release|Any CPU
		{1589BA8A-0464-483C-8A15-F4FC5B514E0D}.Debug|Any CPU.ActiveCfg = Debug|Any CPU
		{1589BA8A-0464-483C-8A15-F4FC5B514E0D}.Debug|Any CPU.Build.0 = Debug|Any CPU
		{1589BA8A-0464-483C-8A15-F4FC5B514E0D}.Release|Any CPU.ActiveCfg = Release|Any CPU
		{1589BA8A-0464-483C-8A15-F4FC5B514E0D}.Release|Any CPU.Build.0 = Release|Any CPU
		{6F6ABD72-2485-42EA-B591-41294E170FF5}.Debug|Any CPU.ActiveCfg = Debug|Any CPU
		{6F6ABD72-2485-42EA-B591-41294E170FF5}.Debug|Any CPU.Build.0 = Debug|Any CPU
		{6F6ABD72-2485-42EA-B591-41294E170FF5}.Release|Any CPU.ActiveCfg = Release|Any CPU
		{6F6ABD72-2485-42EA-B591-41294E170FF5}.Release|Any CPU.Build.0 = Release|Any CPU
	EndGlobalSection
	GlobalSection(SolutionProperties) = preSolution
		HideSolutionNode = FALSE
	EndGlobalSection
	GlobalSection(ExtensibilityGlobals) = postSolution
		SolutionGuid = {D419848C-B611-4E6C-A2C0-22134D010631}
	EndGlobalSection
EndGlobal
