
Microsoft Visual Studio Solution File, Format Version 12.00
# Visual Studio Version 17
VisualStudioVersion = 17.0.32014.148
MinimumVisualStudioVersion = 10.0.40219.1
Project("{9A19103F-16F7-4668-BE54-9A1E7A4F7556}") = "ToolKit.Application", "ToolKit.Application\ToolKit.Application.csproj", "{6971D486-5B3F-497F-86E8-47C98BF7FD70}"
EndProject
Project("{9A19103F-16F7-4668-BE54-9A1E7A4F7556}") = "ToolKit.Library", "ToolKit.Library\ToolKit.Library.csproj", "{6D6C30E1-9240-4A2E-A167-3F23E6316656}"
EndProject
Project("{9A19103F-16F7-4668-BE54-9A1E7A4F7556}") = "ToolKit.Tests", "ToolKit.Tests\ToolKit.Tests.csproj", "{66CA0D35-F2AF-430E-81D0-78506201ADCD}"
EndProject
Project("{9A19103F-16F7-4668-BE54-9A1E7A4F7556}") = "DbxOutlookExpressLibrary", "DbxOutlookExpress\DbxOutlookExpressLibrary\DbxOutlookExpressLibrary.csproj", "{68961552-71D5-4CDC-943D-34A762E74699}"
EndProject
Project("{9A19103F-16F7-4668-BE54-9A1E7A4F7556}") = "DbxOutlookExpressTests", "DbxOutlookExpress\DbxOutlookExpressTests\DbxOutlookExpressTests.csproj", "{083B8FDD-5CF3-45BE-ABDB-3CF011FC7093}"
EndProject
Project("{9A19103F-16F7-4668-BE54-9A1E7A4F7556}") = "TestConsoleApp", "TestConsoleApp\TestConsoleApp.csproj", "{B1262D64-56E8-44CB-B0BA-FC0D5FD6007A}"
EndProject
Project("{9A19103F-16F7-4668-BE54-9A1E7A4F7556}") = "MsgKit", "MsgKit\MsgKit\MsgKit.csproj", "{8FC0FB7D-F820-4C03-9FBE-2FB58BDD9DFF}"
EndProject
Project("{2150E333-8FDC-42A3-9474-1A3956D46DE8}") = "Solution Items", "Solution Items", "{AD368271-FA36-481F-BAE4-0B380987E534}"
	ProjectSection(SolutionItems) = preProject
		.editorconfig = .editorconfig
		CodeAnalysis.ruleset = CodeAnalysis.ruleset
		README.md = README.md
		stylecop.json = stylecop.json
	EndProjectSection
EndProject
Project("{9A19103F-16F7-4668-BE54-9A1E7A4F7556}") = "UtilitiesNET", "UtilitiesNet\UtilitiesNetLibrary\UtilitiesNET.csproj", "{8E747F72-8F55-4E94-9032-51527F952E62}"
EndProject
Project("{9A19103F-16F7-4668-BE54-9A1E7A4F7556}") = "UtilitiesNetTests", "UtilitiesNet\UtilitiesNetTests\UtilitiesNetTests.csproj", "{DA2D07B5-0175-4297-A13A-08143F2E1B0A}"
EndProject
Project("{9A19103F-16F7-4668-BE54-9A1E7A4F7556}") = "CommandLineCommands", "CommandLineCommands\SourceCode\CommandLineCommands\CommandLineCommands.csproj", "{589E8DA3-8454-4FB1-BA92-568FAD5DC90C}"
EndProject
Project("{9A19103F-16F7-4668-BE54-9A1E7A4F7556}") = "CommandLineCommands.Tests", "CommandLineCommands\SourceCode\CommandLineCommands.Tests\CommandLineCommands.Tests.csproj", "{098735C5-9014-48F6-BFD2-724E4F1FBB3F}"
Project("{8BC9CEB8-8B4A-11D0-8D11-00A0C91BC942}") = "MapiLibrary", "MapiLibrary\MapiLibrary.vcxproj", "{7A846964-8A20-46F3-A714-A5FBA41AE093}"
EndProject
Project("{8BC9CEB8-8B4A-11D0-8D11-00A0C91BC942}") = "mapistub", "MapiLibrary\MAPIStubLibrary\mapistub.vcxproj", "{ACD4DD9F-0FB8-42C8-BC1C-25A5A29CB40C}"
EndProject
Project("{8BC9CEB8-8B4A-11D0-8D11-00A0C91BC942}") = "MapiLibraryTests", "MapiLibraryTests\MapiLibraryTests.vcxproj", "{A134F402-F6E6-4B1A-9B5B-91051377A9BF}"
EndProject
Global
	GlobalSection(SolutionConfigurationPlatforms) = preSolution
		Debug|Any CPU = Debug|Any CPU
		Debug|x64 = Debug|x64
		Debug|x86 = Debug|x86
		Release|Any CPU = Release|Any CPU
		Release|x64 = Release|x64
		Release|x86 = Release|x86
	EndGlobalSection
	GlobalSection(ProjectConfigurationPlatforms) = postSolution
		{6971D486-5B3F-497F-86E8-47C98BF7FD70}.Debug|Any CPU.ActiveCfg = Debug|Any CPU
		{6971D486-5B3F-497F-86E8-47C98BF7FD70}.Debug|Any CPU.Build.0 = Debug|Any CPU
		{6971D486-5B3F-497F-86E8-47C98BF7FD70}.Debug|x64.ActiveCfg = Debug|Any CPU
		{6971D486-5B3F-497F-86E8-47C98BF7FD70}.Debug|x64.Build.0 = Debug|Any CPU
		{6971D486-5B3F-497F-86E8-47C98BF7FD70}.Debug|x86.ActiveCfg = Debug|Any CPU
		{6971D486-5B3F-497F-86E8-47C98BF7FD70}.Debug|x86.Build.0 = Debug|Any CPU
		{6971D486-5B3F-497F-86E8-47C98BF7FD70}.Release|Any CPU.ActiveCfg = Release|Any CPU
		{6971D486-5B3F-497F-86E8-47C98BF7FD70}.Release|Any CPU.Build.0 = Release|Any CPU
		{6971D486-5B3F-497F-86E8-47C98BF7FD70}.Release|x64.ActiveCfg = Release|Any CPU
		{6971D486-5B3F-497F-86E8-47C98BF7FD70}.Release|x64.Build.0 = Release|Any CPU
		{6971D486-5B3F-497F-86E8-47C98BF7FD70}.Release|x86.ActiveCfg = Release|Any CPU
		{6971D486-5B3F-497F-86E8-47C98BF7FD70}.Release|x86.Build.0 = Release|Any CPU
		{6D6C30E1-9240-4A2E-A167-3F23E6316656}.Debug|Any CPU.ActiveCfg = Debug|Any CPU
		{6D6C30E1-9240-4A2E-A167-3F23E6316656}.Debug|Any CPU.Build.0 = Debug|Any CPU
		{6D6C30E1-9240-4A2E-A167-3F23E6316656}.Debug|x64.ActiveCfg = Debug|Any CPU
		{6D6C30E1-9240-4A2E-A167-3F23E6316656}.Debug|x64.Build.0 = Debug|Any CPU
		{6D6C30E1-9240-4A2E-A167-3F23E6316656}.Debug|x86.ActiveCfg = Debug|Any CPU
		{6D6C30E1-9240-4A2E-A167-3F23E6316656}.Debug|x86.Build.0 = Debug|Any CPU
		{6D6C30E1-9240-4A2E-A167-3F23E6316656}.Release|Any CPU.ActiveCfg = Release|Any CPU
		{6D6C30E1-9240-4A2E-A167-3F23E6316656}.Release|Any CPU.Build.0 = Release|Any CPU
		{6D6C30E1-9240-4A2E-A167-3F23E6316656}.Release|x64.ActiveCfg = Release|Any CPU
		{6D6C30E1-9240-4A2E-A167-3F23E6316656}.Release|x64.Build.0 = Release|Any CPU
		{6D6C30E1-9240-4A2E-A167-3F23E6316656}.Release|x86.ActiveCfg = Release|Any CPU
		{6D6C30E1-9240-4A2E-A167-3F23E6316656}.Release|x86.Build.0 = Release|Any CPU
		{66CA0D35-F2AF-430E-81D0-78506201ADCD}.Debug|Any CPU.ActiveCfg = Debug|Any CPU
		{66CA0D35-F2AF-430E-81D0-78506201ADCD}.Debug|Any CPU.Build.0 = Debug|Any CPU
		{66CA0D35-F2AF-430E-81D0-78506201ADCD}.Debug|x64.ActiveCfg = Debug|Any CPU
		{66CA0D35-F2AF-430E-81D0-78506201ADCD}.Debug|x64.Build.0 = Debug|Any CPU
		{66CA0D35-F2AF-430E-81D0-78506201ADCD}.Debug|x86.ActiveCfg = Debug|Any CPU
		{66CA0D35-F2AF-430E-81D0-78506201ADCD}.Debug|x86.Build.0 = Debug|Any CPU
		{66CA0D35-F2AF-430E-81D0-78506201ADCD}.Release|Any CPU.ActiveCfg = Release|Any CPU
		{66CA0D35-F2AF-430E-81D0-78506201ADCD}.Release|Any CPU.Build.0 = Release|Any CPU
		{66CA0D35-F2AF-430E-81D0-78506201ADCD}.Release|x64.ActiveCfg = Release|Any CPU
		{66CA0D35-F2AF-430E-81D0-78506201ADCD}.Release|x64.Build.0 = Release|Any CPU
		{66CA0D35-F2AF-430E-81D0-78506201ADCD}.Release|x86.ActiveCfg = Release|Any CPU
		{66CA0D35-F2AF-430E-81D0-78506201ADCD}.Release|x86.Build.0 = Release|Any CPU
		{68961552-71D5-4CDC-943D-34A762E74699}.Debug|Any CPU.ActiveCfg = Debug|Any CPU
		{68961552-71D5-4CDC-943D-34A762E74699}.Debug|Any CPU.Build.0 = Debug|Any CPU
		{68961552-71D5-4CDC-943D-34A762E74699}.Debug|x64.ActiveCfg = Debug|Any CPU
		{68961552-71D5-4CDC-943D-34A762E74699}.Debug|x64.Build.0 = Debug|Any CPU
		{68961552-71D5-4CDC-943D-34A762E74699}.Debug|x86.ActiveCfg = Debug|Any CPU
		{68961552-71D5-4CDC-943D-34A762E74699}.Debug|x86.Build.0 = Debug|Any CPU
		{68961552-71D5-4CDC-943D-34A762E74699}.Release|Any CPU.ActiveCfg = Release|Any CPU
		{68961552-71D5-4CDC-943D-34A762E74699}.Release|Any CPU.Build.0 = Release|Any CPU
		{68961552-71D5-4CDC-943D-34A762E74699}.Release|x64.ActiveCfg = Release|Any CPU
		{68961552-71D5-4CDC-943D-34A762E74699}.Release|x64.Build.0 = Release|Any CPU
		{68961552-71D5-4CDC-943D-34A762E74699}.Release|x86.ActiveCfg = Release|Any CPU
		{68961552-71D5-4CDC-943D-34A762E74699}.Release|x86.Build.0 = Release|Any CPU
		{083B8FDD-5CF3-45BE-ABDB-3CF011FC7093}.Debug|Any CPU.ActiveCfg = Debug|Any CPU
		{083B8FDD-5CF3-45BE-ABDB-3CF011FC7093}.Debug|Any CPU.Build.0 = Debug|Any CPU
		{083B8FDD-5CF3-45BE-ABDB-3CF011FC7093}.Debug|x64.ActiveCfg = Debug|Any CPU
		{083B8FDD-5CF3-45BE-ABDB-3CF011FC7093}.Debug|x64.Build.0 = Debug|Any CPU
		{083B8FDD-5CF3-45BE-ABDB-3CF011FC7093}.Debug|x86.ActiveCfg = Debug|Any CPU
		{083B8FDD-5CF3-45BE-ABDB-3CF011FC7093}.Debug|x86.Build.0 = Debug|Any CPU
		{083B8FDD-5CF3-45BE-ABDB-3CF011FC7093}.Release|Any CPU.ActiveCfg = Release|Any CPU
		{083B8FDD-5CF3-45BE-ABDB-3CF011FC7093}.Release|Any CPU.Build.0 = Release|Any CPU
		{083B8FDD-5CF3-45BE-ABDB-3CF011FC7093}.Release|x64.ActiveCfg = Release|Any CPU
		{083B8FDD-5CF3-45BE-ABDB-3CF011FC7093}.Release|x64.Build.0 = Release|Any CPU
		{083B8FDD-5CF3-45BE-ABDB-3CF011FC7093}.Release|x86.ActiveCfg = Release|Any CPU
		{083B8FDD-5CF3-45BE-ABDB-3CF011FC7093}.Release|x86.Build.0 = Release|Any CPU
		{B1262D64-56E8-44CB-B0BA-FC0D5FD6007A}.Debug|Any CPU.ActiveCfg = Debug|Any CPU
		{B1262D64-56E8-44CB-B0BA-FC0D5FD6007A}.Debug|Any CPU.Build.0 = Debug|Any CPU
		{B1262D64-56E8-44CB-B0BA-FC0D5FD6007A}.Debug|x64.ActiveCfg = Debug|Any CPU
		{B1262D64-56E8-44CB-B0BA-FC0D5FD6007A}.Debug|x64.Build.0 = Debug|Any CPU
		{B1262D64-56E8-44CB-B0BA-FC0D5FD6007A}.Debug|x86.ActiveCfg = Debug|Any CPU
		{B1262D64-56E8-44CB-B0BA-FC0D5FD6007A}.Debug|x86.Build.0 = Debug|Any CPU
		{B1262D64-56E8-44CB-B0BA-FC0D5FD6007A}.Release|Any CPU.ActiveCfg = Release|Any CPU
		{B1262D64-56E8-44CB-B0BA-FC0D5FD6007A}.Release|Any CPU.Build.0 = Release|Any CPU
		{B1262D64-56E8-44CB-B0BA-FC0D5FD6007A}.Release|x64.ActiveCfg = Release|Any CPU
		{B1262D64-56E8-44CB-B0BA-FC0D5FD6007A}.Release|x64.Build.0 = Release|Any CPU
		{B1262D64-56E8-44CB-B0BA-FC0D5FD6007A}.Release|x86.ActiveCfg = Release|Any CPU
		{B1262D64-56E8-44CB-B0BA-FC0D5FD6007A}.Release|x86.Build.0 = Release|Any CPU
		{8FC0FB7D-F820-4C03-9FBE-2FB58BDD9DFF}.Debug|Any CPU.ActiveCfg = Debug|Any CPU
		{8FC0FB7D-F820-4C03-9FBE-2FB58BDD9DFF}.Debug|Any CPU.Build.0 = Debug|Any CPU
		{8FC0FB7D-F820-4C03-9FBE-2FB58BDD9DFF}.Debug|x64.ActiveCfg = Debug|Any CPU
		{8FC0FB7D-F820-4C03-9FBE-2FB58BDD9DFF}.Debug|x64.Build.0 = Debug|Any CPU
		{8FC0FB7D-F820-4C03-9FBE-2FB58BDD9DFF}.Debug|x86.ActiveCfg = Debug|Any CPU
		{8FC0FB7D-F820-4C03-9FBE-2FB58BDD9DFF}.Debug|x86.Build.0 = Debug|Any CPU
		{8FC0FB7D-F820-4C03-9FBE-2FB58BDD9DFF}.Release|Any CPU.ActiveCfg = Release|Any CPU
		{8FC0FB7D-F820-4C03-9FBE-2FB58BDD9DFF}.Release|Any CPU.Build.0 = Release|Any CPU
		{8FC0FB7D-F820-4C03-9FBE-2FB58BDD9DFF}.Release|x64.ActiveCfg = Release|Any CPU
		{8FC0FB7D-F820-4C03-9FBE-2FB58BDD9DFF}.Release|x64.Build.0 = Release|Any CPU
		{8FC0FB7D-F820-4C03-9FBE-2FB58BDD9DFF}.Release|x86.ActiveCfg = Release|Any CPU
		{8FC0FB7D-F820-4C03-9FBE-2FB58BDD9DFF}.Release|x86.Build.0 = Release|Any CPU
		{8E747F72-8F55-4E94-9032-51527F952E62}.Debug|Any CPU.ActiveCfg = Debug|Any CPU
		{8E747F72-8F55-4E94-9032-51527F952E62}.Debug|Any CPU.Build.0 = Debug|Any CPU
		{8E747F72-8F55-4E94-9032-51527F952E62}.Debug|x64.ActiveCfg = Debug|Any CPU
		{8E747F72-8F55-4E94-9032-51527F952E62}.Debug|x64.Build.0 = Debug|Any CPU
		{8E747F72-8F55-4E94-9032-51527F952E62}.Debug|x86.ActiveCfg = Debug|Any CPU
		{8E747F72-8F55-4E94-9032-51527F952E62}.Debug|x86.Build.0 = Debug|Any CPU
		{8E747F72-8F55-4E94-9032-51527F952E62}.Release|Any CPU.ActiveCfg = Release|Any CPU
		{8E747F72-8F55-4E94-9032-51527F952E62}.Release|Any CPU.Build.0 = Release|Any CPU
		{8E747F72-8F55-4E94-9032-51527F952E62}.Release|x64.ActiveCfg = Release|Any CPU
		{8E747F72-8F55-4E94-9032-51527F952E62}.Release|x64.Build.0 = Release|Any CPU
		{8E747F72-8F55-4E94-9032-51527F952E62}.Release|x86.ActiveCfg = Release|Any CPU
		{8E747F72-8F55-4E94-9032-51527F952E62}.Release|x86.Build.0 = Release|Any CPU
		{DA2D07B5-0175-4297-A13A-08143F2E1B0A}.Debug|Any CPU.ActiveCfg = Debug|Any CPU
		{DA2D07B5-0175-4297-A13A-08143F2E1B0A}.Debug|Any CPU.Build.0 = Debug|Any CPU
		{DA2D07B5-0175-4297-A13A-08143F2E1B0A}.Debug|x64.ActiveCfg = Debug|Any CPU
		{DA2D07B5-0175-4297-A13A-08143F2E1B0A}.Debug|x64.Build.0 = Debug|Any CPU
		{DA2D07B5-0175-4297-A13A-08143F2E1B0A}.Debug|x86.ActiveCfg = Debug|Any CPU
		{DA2D07B5-0175-4297-A13A-08143F2E1B0A}.Debug|x86.Build.0 = Debug|Any CPU
		{DA2D07B5-0175-4297-A13A-08143F2E1B0A}.Release|Any CPU.ActiveCfg = Release|Any CPU
		{DA2D07B5-0175-4297-A13A-08143F2E1B0A}.Release|Any CPU.Build.0 = Release|Any CPU
		{589E8DA3-8454-4FB1-BA92-568FAD5DC90C}.Debug|Any CPU.ActiveCfg = Debug|Any CPU
		{589E8DA3-8454-4FB1-BA92-568FAD5DC90C}.Debug|Any CPU.Build.0 = Debug|Any CPU
		{589E8DA3-8454-4FB1-BA92-568FAD5DC90C}.Release|Any CPU.ActiveCfg = Release|Any CPU
		{589E8DA3-8454-4FB1-BA92-568FAD5DC90C}.Release|Any CPU.Build.0 = Release|Any CPU
		{098735C5-9014-48F6-BFD2-724E4F1FBB3F}.Debug|Any CPU.ActiveCfg = Debug|Any CPU
		{098735C5-9014-48F6-BFD2-724E4F1FBB3F}.Debug|Any CPU.Build.0 = Debug|Any CPU
		{098735C5-9014-48F6-BFD2-724E4F1FBB3F}.Release|Any CPU.ActiveCfg = Release|Any CPU
		{098735C5-9014-48F6-BFD2-724E4F1FBB3F}.Release|Any CPU.Build.0 = Release|Any CPU
		{DA2D07B5-0175-4297-A13A-08143F2E1B0A}.Release|x64.ActiveCfg = Release|Any CPU
		{DA2D07B5-0175-4297-A13A-08143F2E1B0A}.Release|x64.Build.0 = Release|Any CPU
		{DA2D07B5-0175-4297-A13A-08143F2E1B0A}.Release|x86.ActiveCfg = Release|Any CPU
		{DA2D07B5-0175-4297-A13A-08143F2E1B0A}.Release|x86.Build.0 = Release|Any CPU
		{7A846964-8A20-46F3-A714-A5FBA41AE093}.Debug|Any CPU.ActiveCfg = Debug|x64
		{7A846964-8A20-46F3-A714-A5FBA41AE093}.Debug|Any CPU.Build.0 = Debug|x64
		{7A846964-8A20-46F3-A714-A5FBA41AE093}.Debug|x64.ActiveCfg = Debug|x64
		{7A846964-8A20-46F3-A714-A5FBA41AE093}.Debug|x64.Build.0 = Debug|x64
		{7A846964-8A20-46F3-A714-A5FBA41AE093}.Debug|x86.ActiveCfg = Debug|Win32
		{7A846964-8A20-46F3-A714-A5FBA41AE093}.Debug|x86.Build.0 = Debug|Win32
		{7A846964-8A20-46F3-A714-A5FBA41AE093}.Release|Any CPU.ActiveCfg = Release|x64
		{7A846964-8A20-46F3-A714-A5FBA41AE093}.Release|Any CPU.Build.0 = Release|x64
		{7A846964-8A20-46F3-A714-A5FBA41AE093}.Release|x64.ActiveCfg = Release|x64
		{7A846964-8A20-46F3-A714-A5FBA41AE093}.Release|x64.Build.0 = Release|x64
		{7A846964-8A20-46F3-A714-A5FBA41AE093}.Release|x86.ActiveCfg = Release|Win32
		{7A846964-8A20-46F3-A714-A5FBA41AE093}.Release|x86.Build.0 = Release|Win32
		{ACD4DD9F-0FB8-42C8-BC1C-25A5A29CB40C}.Debug|Any CPU.ActiveCfg = Debug|x64
		{ACD4DD9F-0FB8-42C8-BC1C-25A5A29CB40C}.Debug|Any CPU.Build.0 = Debug|x64
		{ACD4DD9F-0FB8-42C8-BC1C-25A5A29CB40C}.Debug|x64.ActiveCfg = Debug|x64
		{ACD4DD9F-0FB8-42C8-BC1C-25A5A29CB40C}.Debug|x64.Build.0 = Debug|x64
		{ACD4DD9F-0FB8-42C8-BC1C-25A5A29CB40C}.Debug|x86.ActiveCfg = Debug|Win32
		{ACD4DD9F-0FB8-42C8-BC1C-25A5A29CB40C}.Debug|x86.Build.0 = Debug|Win32
		{ACD4DD9F-0FB8-42C8-BC1C-25A5A29CB40C}.Release|Any CPU.ActiveCfg = Release|x64
		{ACD4DD9F-0FB8-42C8-BC1C-25A5A29CB40C}.Release|Any CPU.Build.0 = Release|x64
		{ACD4DD9F-0FB8-42C8-BC1C-25A5A29CB40C}.Release|x64.ActiveCfg = Release|x64
		{ACD4DD9F-0FB8-42C8-BC1C-25A5A29CB40C}.Release|x64.Build.0 = Release|x64
		{ACD4DD9F-0FB8-42C8-BC1C-25A5A29CB40C}.Release|x86.ActiveCfg = Release|Win32
		{ACD4DD9F-0FB8-42C8-BC1C-25A5A29CB40C}.Release|x86.Build.0 = Release|Win32
		{589E8DA3-8454-4FB1-BA92-568FAD5DC90C}.Debug|Any CPU.ActiveCfg = Debug|Any CPU
		{589E8DA3-8454-4FB1-BA92-568FAD5DC90C}.Debug|Any CPU.Build.0 = Debug|Any CPU
		{589E8DA3-8454-4FB1-BA92-568FAD5DC90C}.Debug|x64.ActiveCfg = Debug|Any CPU
		{589E8DA3-8454-4FB1-BA92-568FAD5DC90C}.Debug|x64.Build.0 = Debug|Any CPU
		{589E8DA3-8454-4FB1-BA92-568FAD5DC90C}.Debug|x86.ActiveCfg = Debug|Any CPU
		{589E8DA3-8454-4FB1-BA92-568FAD5DC90C}.Debug|x86.Build.0 = Debug|Any CPU
		{589E8DA3-8454-4FB1-BA92-568FAD5DC90C}.Release|Any CPU.ActiveCfg = Release|Any CPU
		{589E8DA3-8454-4FB1-BA92-568FAD5DC90C}.Release|Any CPU.Build.0 = Release|Any CPU
		{589E8DA3-8454-4FB1-BA92-568FAD5DC90C}.Release|x64.ActiveCfg = Release|Any CPU
		{589E8DA3-8454-4FB1-BA92-568FAD5DC90C}.Release|x64.Build.0 = Release|Any CPU
		{589E8DA3-8454-4FB1-BA92-568FAD5DC90C}.Release|x86.ActiveCfg = Release|Any CPU
		{589E8DA3-8454-4FB1-BA92-568FAD5DC90C}.Release|x86.Build.0 = Release|Any CPU
		{098735C5-9014-48F6-BFD2-724E4F1FBB3F}.Debug|Any CPU.ActiveCfg = Debug|Any CPU
		{098735C5-9014-48F6-BFD2-724E4F1FBB3F}.Debug|Any CPU.Build.0 = Debug|Any CPU
		{098735C5-9014-48F6-BFD2-724E4F1FBB3F}.Debug|x64.ActiveCfg = Debug|Any CPU
		{098735C5-9014-48F6-BFD2-724E4F1FBB3F}.Debug|x64.Build.0 = Debug|Any CPU
		{098735C5-9014-48F6-BFD2-724E4F1FBB3F}.Debug|x86.ActiveCfg = Debug|Any CPU
		{098735C5-9014-48F6-BFD2-724E4F1FBB3F}.Debug|x86.Build.0 = Debug|Any CPU
		{098735C5-9014-48F6-BFD2-724E4F1FBB3F}.Release|Any CPU.ActiveCfg = Release|Any CPU
		{098735C5-9014-48F6-BFD2-724E4F1FBB3F}.Release|Any CPU.Build.0 = Release|Any CPU
		{098735C5-9014-48F6-BFD2-724E4F1FBB3F}.Release|x64.ActiveCfg = Release|Any CPU
		{098735C5-9014-48F6-BFD2-724E4F1FBB3F}.Release|x64.Build.0 = Release|Any CPU
		{098735C5-9014-48F6-BFD2-724E4F1FBB3F}.Release|x86.ActiveCfg = Release|Any CPU
		{098735C5-9014-48F6-BFD2-724E4F1FBB3F}.Release|x86.Build.0 = Release|Any CPU
		{A134F402-F6E6-4B1A-9B5B-91051377A9BF}.Debug|Any CPU.ActiveCfg = Debug|x64
		{A134F402-F6E6-4B1A-9B5B-91051377A9BF}.Debug|Any CPU.Build.0 = Debug|x64
		{A134F402-F6E6-4B1A-9B5B-91051377A9BF}.Debug|x64.ActiveCfg = Debug|x64
		{A134F402-F6E6-4B1A-9B5B-91051377A9BF}.Debug|x64.Build.0 = Debug|x64
		{A134F402-F6E6-4B1A-9B5B-91051377A9BF}.Debug|x86.ActiveCfg = Debug|Win32
		{A134F402-F6E6-4B1A-9B5B-91051377A9BF}.Debug|x86.Build.0 = Debug|Win32
		{A134F402-F6E6-4B1A-9B5B-91051377A9BF}.Release|Any CPU.ActiveCfg = Release|x64
		{A134F402-F6E6-4B1A-9B5B-91051377A9BF}.Release|Any CPU.Build.0 = Release|x64
		{A134F402-F6E6-4B1A-9B5B-91051377A9BF}.Release|x64.ActiveCfg = Release|x64
		{A134F402-F6E6-4B1A-9B5B-91051377A9BF}.Release|x64.Build.0 = Release|x64
		{A134F402-F6E6-4B1A-9B5B-91051377A9BF}.Release|x86.ActiveCfg = Release|Win32
		{A134F402-F6E6-4B1A-9B5B-91051377A9BF}.Release|x86.Build.0 = Release|Win32
	EndGlobalSection
	GlobalSection(SolutionProperties) = preSolution
		HideSolutionNode = FALSE
	EndGlobalSection
	GlobalSection(ExtensibilityGlobals) = postSolution
		SolutionGuid = {5167DF36-0BB8-4139-B520-1B183A0AA085}
	EndGlobalSection
EndGlobal
