<?xml version="1.0" encoding="utf-8"?>
<Project ToolsVersion="4.0" xmlns="http://schemas.microsoft.com/developer/msbuild/2003">
  <ItemGroup>
    <Filter Include="Source Files">
      <UniqueIdentifier>{4FC737F1-C7A5-4376-A066-2A32D752A2FF}</UniqueIdentifier>
      <Extensions>cpp;c;cc;cxx;c++;cppm;ixx;def;odl;idl;hpj;bat;asm;asmx</Extensions>
    </Filter>
    <Filter Include="Header Files">
      <UniqueIdentifier>{93995380-89BD-4b04-88EB-625FBE52EBFB}</UniqueIdentifier>
      <Extensions>h;hh;hpp;hxx;h++;hm;inl;inc;ipp;xsd</Extensions>
    </Filter>
    <Filter Include="Resource Files">
      <UniqueIdentifier>{67DA6AB6-F800-4c08-8B7A-83BB121AAD01}</UniqueIdentifier>
      <Extensions>rc;ico;cur;bmp;dlg;rc2;rct;bin;rgs;gif;jpg;jpeg;jpe;resx;tiff;tif;png;wav;mfcribbon-ms</Extensions>
    </Filter>
  </ItemGroup>
  <ItemGroup>
    <ClInclude Include="framework.h">
      <Filter>Header Files</Filter>
    </ClInclude>
    <ClInclude Include="pch.h">
      <Filter>Header Files</Filter>
    </ClInclude>
    <ClInclude Include="Session.h">
      <Filter>Header Files</Filter>
    </ClInclude>
    <ClInclude Include="MapiLibrary.h">
      <Filter>Header Files</Filter>
    </ClInclude>
    <ClInclude Include="include\abhelp.h">
      <Filter>Header Files</Filter>
    </ClInclude>
    <ClInclude Include="include\actMgmt.h">
      <Filter>Header Files</Filter>
    </ClInclude>
    <ClInclude Include="include\EdkGuid.h">
      <Filter>Header Files</Filter>
    </ClInclude>
    <ClInclude Include="include\EdkMdb.h">
      <Filter>Header Files</Filter>
    </ClInclude>
    <ClInclude Include="include\EMSABTAG.H">
      <Filter>Header Files</Filter>
    </ClInclude>
    <ClInclude Include="include\ExchForm.h">
      <Filter>Header Files</Filter>
    </ClInclude>
    <ClInclude Include="include\IMessage.h">
      <Filter>Header Files</Filter>
    </ClInclude>
    <ClInclude Include="include\IMSCapabilities.h">
      <Filter>Header Files</Filter>
    </ClInclude>
    <ClInclude Include="include\MAPI.h">
      <Filter>Header Files</Filter>
    </ClInclude>
    <ClInclude Include="include\MAPIAux.h">
      <Filter>Header Files</Filter>
    </ClInclude>
    <ClInclude Include="include\MAPICode.h">
      <Filter>Header Files</Filter>
    </ClInclude>
    <ClInclude Include="include\MAPIDbg.h">
      <Filter>Header Files</Filter>
    </ClInclude>
    <ClInclude Include="include\MAPIDefS.h">
      <Filter>Header Files</Filter>
    </ClInclude>
    <ClInclude Include="include\MAPIForm.h">
      <Filter>Header Files</Filter>
    </ClInclude>
    <ClInclude Include="include\MAPIGuid.h">
      <Filter>Header Files</Filter>
    </ClInclude>
    <ClInclude Include="include\MAPIHook.h">
      <Filter>Header Files</Filter>
    </ClInclude>
    <ClInclude Include="include\MAPINls.h">
      <Filter>Header Files</Filter>
    </ClInclude>
    <ClInclude Include="include\MAPIOID.h">
      <Filter>Header Files</Filter>
    </ClInclude>
    <ClInclude Include="include\MAPISPI.h">
      <Filter>Header Files</Filter>
    </ClInclude>
    <ClInclude Include="include\MAPITags.h">
      <Filter>Header Files</Filter>
    </ClInclude>
    <ClInclude Include="include\MAPIUtil.h">
      <Filter>Header Files</Filter>
    </ClInclude>
    <ClInclude Include="include\MAPIVal.h">
      <Filter>Header Files</Filter>
    </ClInclude>
    <ClInclude Include="include\MAPIWin.h">
      <Filter>Header Files</Filter>
    </ClInclude>
    <ClInclude Include="include\MAPIWz.h">
      <Filter>Header Files</Filter>
    </ClInclude>
    <ClInclude Include="include\MAPIX.h">
      <Filter>Header Files</Filter>
    </ClInclude>
    <ClInclude Include="include\mimeole.h">
      <Filter>Header Files</Filter>
    </ClInclude>
    <ClInclude Include="include\MSPST.h">
      <Filter>Header Files</Filter>
    </ClInclude>
  </ItemGroup>
  <ItemGroup>
    <ClCompile Include="dllmain.cpp">
      <Filter>Source Files</Filter>
    </ClCompile>
    <ClCompile Include="pch.cpp">
      <Filter>Source Files</Filter>
    </ClCompile>
    <ClCompile Include="Session.cpp">
      <Filter>Source Files</Filter>
    </ClCompile>
  </ItemGroup>
  <ItemGroup>
    <Text Include="include\Readme.txt">
      <Filter>Header Files</Filter>
    </Text>
  </ItemGroup>
</Project>